{
  "name": "@sourceressj2001/veritatis-quae-autem",
  "version": "1.0.0",
  "lockfileVersion": 3,
  "requires": true,
  "packages": {
    "": {
      "name": "@sourceressj2001/veritatis-quae-autem",
      "version": "1.0.0",
      "license": "MIT",
      "dependencies": {
        "@sourceressj2001/beatae-aspernatur-quia": "^1.0.0",
        "@sourceressj2001/cum-amet-voluptatibus": "^1.0.0",
        "@sourceressj2001/doloremque-voluptatibus-quod": "^1.0.0",
        "@sourceressj2001/eos-ipsa-repellat": "^1.0.0",
        "@sourceressj2001/excepturi-iusto-a": "^1.0.0",
        "@sourceressj2001/expedita-iste-nisi": "^1.0.0",
        "@sourceressj2001/facilis-quisquam-hic": "^1.0.0",
        "@sourceressj2001/iure-voluptates-ipsam": "^1.0.0",
        "@sourceressj2001/quasi-tenetur-labore": "^1.0.0",
        "@sourceressj2001/quo-quae-magnam": "^1.0.0",
        "@sourceressj2001/totam-nisi-autem": "^1.0.0",
        "@sourceressj2001/voluptatibus-architecto-repudiandae": "^1.0.0"
      }
    },
    "node_modules/@sourceressj2001/beatae-aspernatur-quia": {
      "version": "1.0.0",
      "resolved": "https://registry.npmjs.org/@sourceressj2001/beatae-aspernatur-quia/-/beatae-aspernatur-quia-1.0.0.tgz",
      "integrity": "sha512-TlczTxvy32EGETw/VwoRyG35qGx/UAcYYIhJxYLZL6mpDwRPKILfUzzp42NSg6n7f1Tf1tC4ZdzeF1xZmygNYw==",
      "dependencies": {
        "@sourceressj2001/iure-voluptates-ipsam": "^1.0.0",
        "@sourceressj2001/quasi-tenetur-labore": "^1.0.0",
        "@sourceressj2001/quo-quae-magnam": "^1.0.0",
        "@sourceressj2001/voluptatibus-architecto-repudiandae": "^1.0.0"
      }
    },
    "node_modules/@sourceressj2001/cum-amet-voluptatibus": {
      "version": "1.0.0",
      "resolved": "https://registry.npmjs.org/@sourceressj2001/cum-amet-voluptatibus/-/cum-amet-voluptatibus-1.0.0.tgz",
      "integrity": "sha512-Rj/To84JZ8tbA98szEWwLld3yP/w1rvR1HSYAJy3DkR4jdj1nxX2mgnDMJVr1sE1hzeWQua79KpG4AwQYaBPoA==",
      "dependencies": {
        "@sourceressj2001/beatae-aspernatur-quia": "^1.0.0",
        "@sourceressj2001/expedita-iste-nisi": "^1.0.0",
        "@sourceressj2001/iure-voluptates-ipsam": "^1.0.0",
        "@sourceressj2001/quasi-tenetur-labore": "^1.0.0",
        "@sourceressj2001/quo-quae-magnam": "^1.0.0",
        "@sourceressj2001/voluptatibus-architecto-repudiandae": "^1.0.0"
      }
    },
    "node_modules/@sourceressj2001/doloremque-voluptatibus-quod": {
      "version": "1.0.0",
      "resolved": "https://registry.npmjs.org/@sourceressj2001/doloremque-voluptatibus-quod/-/doloremque-voluptatibus-quod-1.0.0.tgz",
      "integrity": "sha512-fIkbfDK8vPs+aoPI/hrfw5biY+JfChyQxMBMQS5KB7RZqHoMRRrX//OM5fYUJzokkrxix1++94UKMG1IuoRiiw==",
      "dependencies": {
        "@sourceressj2001/beatae-aspernatur-quia": "^1.0.0",
        "@sourceressj2001/cum-amet-voluptatibus": "^1.0.0",
        "@sourceressj2001/eos-ipsa-repellat": "^1.0.0",
        "@sourceressj2001/excepturi-iusto-a": "^1.0.0",
        "@sourceressj2001/expedita-iste-nisi": "^1.0.0",
        "@sourceressj2001/facilis-quisquam-hic": "^1.0.0",
        "@sourceressj2001/iure-voluptates-ipsam": "^1.0.0",
        "@sourceressj2001/quasi-tenetur-labore": "^1.0.0",
        "@sourceressj2001/quo-quae-magnam": "^1.0.0",
        "@sourceressj2001/totam-nisi-autem": "^1.0.0",
        "@sourceressj2001/voluptatibus-architecto-repudiandae": "^1.0.0"
      }
    },
    "node_modules/@sourceressj2001/eos-ipsa-repellat": {
      "version": "1.0.0",
      "resolved": "https://registry.npmjs.org/@sourceressj2001/eos-ipsa-repellat/-/eos-ipsa-repellat-1.0.0.tgz",
      "integrity": "sha512-Y7CKS4BoGuZTY0c2Fuzw2iZcBpRQowV4gGhWctqrad/bhgvi1m0C51WBGzX0TqsdqDihu55/bpfC7L8fc503JA==",
      "dependencies": {
        "@sourceressj2001/beatae-aspernatur-quia": "^1.0.0",
        "@sourceressj2001/cum-amet-voluptatibus": "^1.0.0",
        "@sourceressj2001/expedita-iste-nisi": "^1.0.0",
        "@sourceressj2001/iure-voluptates-ipsam": "^1.0.0",
        "@sourceressj2001/quasi-tenetur-labore": "^1.0.0",
        "@sourceressj2001/quo-quae-magnam": "^1.0.0",
        "@sourceressj2001/voluptatibus-architecto-repudiandae": "^1.0.0"
      }
    },
    "node_modules/@sourceressj2001/excepturi-iusto-a": {
      "version": "1.0.0",
      "resolved": "https://registry.npmjs.org/@sourceressj2001/excepturi-iusto-a/-/excepturi-iusto-a-1.0.0.tgz",
      "integrity": "sha512-MFSIzDrepHg1Maw1Mz9rZd3RdHwM/NzwkJWyZjCUKwK3bjtCkvCDgpobZqYhtBpB3wdxKFU+p6wX7yOMWMRleA==",
      "dependencies": {
        "@sourceressj2001/beatae-aspernatur-quia": "^1.0.0",
        "@sourceressj2001/cum-amet-voluptatibus": "^1.0.0",
        "@sourceressj2001/eos-ipsa-repellat": "^1.0.0",
        "@sourceressj2001/expedita-iste-nisi": "^1.0.0",
        "@sourceressj2001/facilis-quisquam-hic": "^1.0.0",
        "@sourceressj2001/iure-voluptates-ipsam": "^1.0.0",
        "@sourceressj2001/quasi-tenetur-labore": "^1.0.0",
        "@sourceressj2001/quo-quae-magnam": "^1.0.0",
        "@sourceressj2001/voluptatibus-architecto-repudiandae": "^1.0.0"
      }
    },
    "node_modules/@sourceressj2001/expedita-iste-nisi": {
      "version": "1.0.0",
      "resolved": "https://registry.npmjs.org/@sourceressj2001/expedita-iste-nisi/-/expedita-iste-nisi-1.0.0.tgz",
      "integrity": "sha512-flu9XhBmyqfaZCxqz8GsdiN+8ES5X0wkal59C4irjQZFgjoU391jMIfE2mjDEYtuTZafefQf0OgsnSbMVk7wIQ==",
      "dependencies": {
        "@sourceressj2001/beatae-aspernatur-quia": "^1.0.0",
        "@sourceressj2001/iure-voluptates-ipsam": "^1.0.0",
        "@sourceressj2001/quasi-tenetur-labore": "^1.0.0",
        "@sourceressj2001/quo-quae-magnam": "^1.0.0",
        "@sourceressj2001/voluptatibus-architecto-repudiandae": "^1.0.0"
      }
    },
    "node_modules/@sourceressj2001/facilis-quisquam-hic": {
      "version": "1.0.0",
      "resolved": "https://registry.npmjs.org/@sourceressj2001/facilis-quisquam-hic/-/facilis-quisquam-hic-1.0.0.tgz",
      "integrity": "sha512-uqAn2HNmOUtS2+WMJoAzBGBuu+Wjn+uJhkIGPp7FKBIU+fqvFpjnapJ98qjIIwBXXZ7tSDznQDWe2Epu6ICxiQ==",
      "dependencies": {
        "@sourceressj2001/beatae-aspernatur-quia": "^1.0.0",
        "@sourceressj2001/cum-amet-voluptatibus": "^1.0.0",
        "@sourceressj2001/eos-ipsa-repellat": "^1.0.0",
        "@sourceressj2001/expedita-iste-nisi": "^1.0.0",
        "@sourceressj2001/iure-voluptates-ipsam": "^1.0.0",
        "@sourceressj2001/quasi-tenetur-labore": "^1.0.0",
        "@sourceressj2001/quo-quae-magnam": "^1.0.0",
        "@sourceressj2001/voluptatibus-architecto-repudiandae": "^1.0.0"
      }
    },
    "node_modules/@sourceressj2001/iure-voluptates-ipsam": {
      "version": "1.0.0",
      "resolved": "https://registry.npmjs.org/@sourceressj2001/iure-voluptates-ipsam/-/iure-voluptates-ipsam-1.0.0.tgz",
      "integrity": "sha512-EoBmTtvILcvaXy2nUQ9nxRRKqv+HxEp2OW+zXg0PXeKJrlxeFaYrQsyvUa26fIWkQYzrgt0+f7Im6BTcVVM5rQ==",
      "dependencies": {
        "@sourceressj2001/quasi-tenetur-labore": "^1.0.0",
        "@sourceressj2001/voluptatibus-architecto-repudiandae": "^1.0.0"
      }
    },
    "node_modules/@sourceressj2001/quasi-tenetur-labore": {
      "version": "1.0.0",
      "resolved": "https://registry.npmjs.org/@sourceressj2001/quasi-tenetur-labore/-/quasi-tenetur-labore-1.0.0.tgz",
      "integrity": "sha512-e/zh3IOLMak7Wxjgh7tUXQdZ9KgprcUir55NwCbSC58/IlrxzWicCcITNwttMOqgKkJfZWx9PmFABwzUQuWwxQ==",
      "dependencies": {
        "@sourceressj2001/voluptatibus-architecto-repudiandae": "^1.0.0"
      }
    },
    "node_modules/@sourceressj2001/quo-quae-magnam": {
      "version": "1.0.0",
      "resolved": "https://registry.npmjs.org/@sourceressj2001/quo-quae-magnam/-/quo-quae-magnam-1.0.0.tgz",
      "integrity": "sha512-36diax89rEFRfX2i0APOCt41byRTfP2qkiZoWPGjdoBKf72slMI8Q+iJdAFI3AzGTnfV94nOURmKiD2d9f2/sA==",
      "dependencies": {
        "@sourceressj2001/iure-voluptates-ipsam": "^1.0.0",
        "@sourceressj2001/quasi-tenetur-labore": "^1.0.0",
        "@sourceressj2001/voluptatibus-architecto-repudiandae": "^1.0.0"
      }
    },
    "node_modules/@sourceressj2001/totam-nisi-autem": {
      "version": "1.0.0",
      "resolved": "https://registry.npmjs.org/@sourceressj2001/totam-nisi-autem/-/totam-nisi-autem-1.0.0.tgz",
      "integrity": "sha512-rnItLZBxtRO2+3H3jdiwq5SRSjvKMDsw09RR2VPa8UxOaQdZ97BPa7FpNMMtz5qJUfghmVM0mjgFlJXl0YFD6A==",
      "dependencies": {
        "@sourceressj2001/beatae-aspernatur-quia": "^1.0.0",
        "@sourceressj2001/cum-amet-voluptatibus": "^1.0.0",
        "@sourceressj2001/eos-ipsa-repellat": "^1.0.0",
        "@sourceressj2001/excepturi-iusto-a": "^1.0.0",
        "@sourceressj2001/expedita-iste-nisi": "^1.0.0",
        "@sourceressj2001/facilis-quisquam-hic": "^1.0.0",
        "@sourceressj2001/iure-voluptates-ipsam": "^1.0.0",
        "@sourceressj2001/quasi-tenetur-labore": "^1.0.0",
        "@sourceressj2001/quo-quae-magnam": "^1.0.0",
        "@sourceressj2001/voluptatibus-architecto-repudiandae": "^1.0.0"
      }
    },
    "node_modules/@sourceressj2001/voluptatibus-architecto-repudiandae": {
      "version": "1.0.0",
      "resolved": "https://registry.npmjs.org/@sourceressj2001/voluptatibus-architecto-repudiandae/-/voluptatibus-architecto-repudiandae-1.0.0.tgz",
      "integrity": "sha512-bQUkbg4Kv5rj0VGl+tHIJi9EBDItRAtkwAHiAzCBRiWkX+J8U9EzaYeKJrSvp4E6EpyDfSkLkcHqGzrqT4GuDg=="
    }
  }
}
